
Microsoft Visual Studio Solution File, Format Version 12.00
# Visual Studio Version 17
VisualStudioVersion = 17.8.34525.116
MinimumVisualStudioVersion = 10.0.40219.1
Project("{FAE04EC0-301F-11D3-BF4B-00C04F79EFBC}") = "WhiteLagoon.Web", "WhiteLagoon.Web\WhiteLagoon.Web.csproj", "{79010494-E372-4016-A4BD-CFCDB6C47B19}"
EndProject
Project("{FAE04EC0-301F-11D3-BF4B-00C04F79EFBC}") = "WhiteLagoon.Application", "WhiteLagoon.Application\WhiteLagoon.Application.csproj", "{DD50FC74-A651-472D-9ACC-987E5C349C19}"
EndProject
Project("{FAE04EC0-301F-11D3-BF4B-00C04F79EFBC}") = "WhiteLagoon.Domain", "WhiteLagoon.Domain\WhiteLagoon.Domain.csproj", "{6701FB6C-418F-496C-ACBC-DA9F1DF8C62B}"
EndProject
Project("{FAE04EC0-301F-11D3-BF4B-00C04F79EFBC}") = "WhiteLagoon.Infrastructure", "WhiteLagoon.Infrastructure\WhiteLagoon.Infrastructure.csproj", "{34741319-9E7C-47B4-B4F6-30BFD986DA93}"
EndProject
Global
	GlobalSection(SolutionConfigurationPlatforms) = preSolution
		Debug|Any CPU = Debug|Any CPU
		Release|Any CPU = Release|Any CPU
	EndGlobalSection
	GlobalSection(ProjectConfigurationPlatforms) = postSolution
		{79010494-E372-4016-A4BD-CFCDB6C47B19}.Debug|Any CPU.ActiveCfg = Debug|Any CPU
		{79010494-E372-4016-A4BD-CFCDB6C47B19}.Debug|Any CPU.Build.0 = Debug|Any CPU
		{79010494-E372-4016-A4BD-CFCDB6C47B19}.Release|Any CPU.ActiveCfg = Release|Any CPU
		{79010494-E372-4016-A4BD-CFCDB6C47B19}.Release|Any CPU.Build.0 = Release|Any CPU
		{DD50FC74-A651-472D-9ACC-987E5C349C19}.Debug|Any CPU.ActiveCfg = Debug|Any CPU
		{DD50FC74-A651-472D-9ACC-987E5C349C19}.Debug|Any CPU.Build.0 = Debug|Any CPU
		{DD50FC74-A651-472D-9ACC-987E5C349C19}.Release|Any CPU.ActiveCfg = Release|Any CPU
		{DD50FC74-A651-472D-9ACC-987E5C349C19}.Release|Any CPU.Build.0 = Release|Any CPU
		{6701FB6C-418F-496C-ACBC-DA9F1DF8C62B}.Debug|Any CPU.ActiveCfg = Debug|Any CPU
		{6701FB6C-418F-496C-ACBC-DA9F1DF8C62B}.Debug|Any CPU.Build.0 = Debug|Any CPU
		{6701FB6C-418F-496C-ACBC-DA9F1DF8C62B}.Release|Any CPU.ActiveCfg = Release|Any CPU
		{6701FB6C-418F-496C-ACBC-DA9F1DF8C62B}.Release|Any CPU.Build.0 = Release|Any CPU
		{34741319-9E7C-47B4-B4F6-30BFD986DA93}.Debug|Any CPU.ActiveCfg = Debug|Any CPU
		{34741319-9E7C-47B4-B4F6-30BFD986DA93}.Debug|Any CPU.Build.0 = Debug|Any CPU
		{34741319-9E7C-47B4-B4F6-30BFD986DA93}.Release|Any CPU.ActiveCfg = Release|Any CPU
		{34741319-9E7C-47B4-B4F6-30BFD986DA93}.Release|Any CPU.Build.0 = Release|Any CPU
	EndGlobalSection
	GlobalSection(SolutionProperties) = preSolution
		HideSolutionNode = FALSE
	EndGlobalSection
	GlobalSection(ExtensibilityGlobals) = postSolution
		SolutionGuid = {476F62DB-EE84-43B2-9C35-9986114D7606}
	EndGlobalSection
EndGlobal
